lockfileVersion: '9.0'

settings:
  autoInstallPeers: true
  excludeLinksFromLockfile: false

importers:

  .:
    dependencies:
      '@clerk/themes':
        specifier: ^2.2.3
        version: 2.2.3

packages:

  '@clerk/themes@2.2.3':
    resolution: {integrity: sha512-pDA5P9IUTLVKYviEtm7BgB+1rcJINDuP9F4LJ5ZH3f/6+LdG09EaVM/9nvGLnNqDJ7XvldzcKes1BpPJuGSCew==}
    engines: {node: '>=18.17.0'}

  '@clerk/types@4.40.0':
    resolution: {integrity: sha512-9QdllXYujsjYLbvPg9Kq1rWOemX5FB0r6Ijy8HOxwjKN+TPlxUnGcs+t7IwU+M5gdmZ2KV6aA6d1a2q2FlSoiA==}
    engines: {node: '>=18.17.0'}

  csstype@3.1.1:
    resolution: {integrity: sha512-DJR/VvkAvSZW9bTouZue2sSxDwdTN92uHjqeKVm+0dAqdfNykRzQ95tay8aXMBAAPpUiq4Qcug2L7neoRh2Egw==}

  tslib@2.4.1:
    resolution: {integrity: sha512-tGyy4dAjRIEwI7BzsB0lynWgOpfqjUdq91XXAlIWD2OwKBH7oCl/GZG/HT4BOHrTlPMOASlMQ7veyTqpmRcrNA==}

snapshots:

  '@clerk/themes@2.2.3':
    dependencies:
      '@clerk/types': 4.40.0
      tslib: 2.4.1

  '@clerk/types@4.40.0':
    dependencies:
      csstype: 3.1.1

  csstype@3.1.1: {}

  tslib@2.4.1: {}
